{
    "_readme": [
	"This file locks the dependencies of your project to a known state",
	"Read more about it at https://getcomposer.org/doc/01-basic-usage.md#composer-lock-the-lock-file",
	"This file is @generated automatically"
    ],
    "hash": "c9963c3f79d3de2c3e2bd31a936567e0",
    "packages": [
	{
	    "name": "fieryprophet/php-sandbox",
	    "version": "dev-master",
	    "source": {
		"type": "git",
		"url": "https://github.com/fieryprophet/php-sandbox.git",
		"reference": "4a30e96e1a525a4a6b74e24034d7f505133eb8cb"
	    },
	    "dist": {
		"type": "zip",
		"url": "https://api.github.com/repos/fieryprophet/php-sandbox/zipball/d58ba0d419f8fbc965465df1c6b9a28bc40eb6b6",
		"reference": "4a30e96e1a525a4a6b74e24034d7f505133eb8cb",
		"shasum": ""
	    },
	    "require": {
		"jeremeamia/functionparser": "~1.0.0",
		"nikic/php-parser": "~0.9.5",
		"php": ">=5.3.2"
	    },
	    "require-dev": {
		"phpdocumentor/phpdocumentor": "v2.3.2",
		"phpunit/phpunit": "3.7.*"
	    },
	    "type": "library",
	    "autoload": {
		"files": [
		    "src/functions.php"
		],
		"psr-4": {
		    "PHPSandbox\\": "src/"
		}
	    },
	    "notification-url": "http://packagist.org/downloads/",
	    "license": [
		"BSD-3-Clause"
	    ],
	    "authors": [
		{
		    "name": "Elijah Horton"
		}
	    ],
	    "description": "A PHP library that can be used to run PHP code in a sandboxed environment",
	    "homepage": "http://www.fieryprophet.com/phpsandbox",
	    "keywords": [
		"blacklist",
		"parser",
		"php",
		"sandbox",
		"whitelist"
	    ],
	    "time": "2015-02-27 20:09:02"
	},
	{
	    "name": "jeremeamia/FunctionParser",
	    "version": "dev-master",
	    "source": {
		"type": "git",
		"url": "https://github.com/jeremeamia/FunctionParser.git",
		"reference": "035b52000b88ea8d72a6647dd4cd39f080cf7ada"
	    },
	    "dist": {
		"type": "zip",
		"url": "https://api.github.com/repos/jeremeamia/FunctionParser/zipball/035b52000b88ea8d72a6647dd4cd39f080cf7ada",
		"reference": "035b52000b88ea8d72a6647dd4cd39f080cf7ada",
		"shasum": ""
	    },
	    "require": {
		"php": ">=5.3.2"
	    },
	    "type": "library",
	    "extra": {
		"branch-alias": {
		    "dev-master": "1.0-dev"
		}
	    },
	    "autoload": {
		"psr-4": {
		    "FunctionParser\\": "src/"
		}
	    },
	    "notification-url": "http://packagist.org/downloads/",
	    "license": [
		"MIT"
	    ],
	    "authors": [
		{
		    "name": "Jeremy Lindblom"
		}
	    ],
	    "description": "Function parser for PHP functions, methods, and closures",
	    "homepage": "https://github.com/jeremeamia/FunctionParser",
	    "keywords": [
		"closure",
		"function",
		"parser",
		"tokenizer"
	    ],
	    "time": "2015-02-02 17:30:47"
	},
	{
	    "name": "nikic/php-parser",
	    "version": "dev-master",
	    "source": {
		"type": "git",
		"url": "https://github.com/nikic/PHP-Parser.git",
		"reference": "700847e2951942200b479c413aa2984b5364799b"
	    },
	    "dist": {
		"type": "zip",
		"url": "https://api.github.com/repos/nikic/PHP-Parser/zipball/700847e2951942200b479c413aa2984b5364799b",
		"reference": "700847e2951942200b479c413aa2984b5364799b",
		"shasum": ""
	    },
	    "require": {
		"ext-tokenizer": "*",
		"php": ">=5.2"
	    },
	    "type": "library",
	    "extra": {
		"branch-alias": {
		    "dev-master": "0.9-dev"
		}
	    },
	    "autoload": {
		"psr-0": {
		    "PHPParser": "lib/"
		}
	    },
	    "notification-url": "http://packagist.org/downloads/",
	    "license": [
		"BSD-3-Clause"
	    ],
	    "authors": [
		{
		    "name": "Nikita Popov"
		}
	    ],
	    "description": "A PHP parser written in PHP",
	    "keywords": [
		"parser",
		"php"
	    ],
	    "time": "2013-09-28 11:21:30"
	},
	{
	    "name": "pdepend/pdepend",
	    "version": "dev-master",
	    "source": {
		"type": "git",
		"url": "https://github.com/pdepend/pdepend.git",
		"reference": "f58902a774449f73f1a1d9cd1a07aeac8fbee367"
	    },
	    "dist": {
		"type": "zip",
		"url": "https://api.github.com/repos/pdepend/pdepend/zipball/f58902a774449f73f1a1d9cd1a07aeac8fbee367",
		"reference": "f58902a774449f73f1a1d9cd1a07aeac8fbee367",
		"shasum": ""
	    },
	    "require": {
		"symfony/config": ">=2.4",
		"symfony/dependency-injection": ">=2.4",
		"symfony/filesystem": ">=2.4"
	    },
	    "require-dev": {
		"phpunit/phpunit": "4.*@stable",
		"squizlabs/php_codesniffer": "@stable"
	    },
	    "bin": [
		"src/bin/pdepend"
	    ],
	    "type": "library",
	    "autoload": {
		"psr-0": {
		    "PDepend\\": "src/main/php/"
		}
	    },
	    "notification-url": "https://packagist.org/downloads/",
	    "license": [
		"BSD-3-Clause"
	    ],
	    "description": "Official version of pdepend to be handled with Composer",
	    "time": "2015-05-21 18:09:06"
	},
	{
	    "name": "symfony/config",
	    "version": "dev-master",
	    "source": {
		"type": "git",
		"url": "https://github.com/symfony/Config.git",
		"reference": "1fcd68c10db2cc669aa44cc3602740ffc131d3ff"
	    },
	    "dist": {
		"type": "zip",
		"url": "https://api.github.com/repos/symfony/Config/zipball/1fcd68c10db2cc669aa44cc3602740ffc131d3ff",
		"reference": "1fcd68c10db2cc669aa44cc3602740ffc131d3ff",
		"shasum": ""
	    },
	    "require": {
		"php": ">=5.5.9",
		"symfony/filesystem": "~2.8|~3.0"
	    },
	    "require-dev": {
		"symfony/phpunit-bridge": "~2.8|~3.0"
	    },
	    "type": "library",
	    "extra": {
		"branch-alias": {
		    "dev-master": "3.0-dev"
		}
	    },
	    "autoload": {
		"psr-4": {
		    "Symfony\\Component\\Config\\": ""
		}
	    },
	    "notification-url": "https://packagist.org/downloads/",
	    "license": [
		"MIT"
	    ],
	    "authors": [
		{
		    "name": "Fabien Potencier",
		    "email": "fabien@symfony.com"
		},
		{
		    "name": "Symfony Community",
		    "homepage": "https://symfony.com/contributors"
		}
	    ],
	    "description": "Symfony Config Component",
	    "homepage": "https://symfony.com",
	    "time": "2015-07-09 16:12:34"
	},
	{
	    "name": "symfony/dependency-injection",
	    "version": "dev-master",
	    "source": {
		"type": "git",
		"url": "https://github.com/symfony/DependencyInjection.git",
		"reference": "215d6f4f33d52990d31081b25c36c9b224bfadc7"
	    },
	    "dist": {
		"type": "zip",
		"url": "https://api.github.com/repos/symfony/DependencyInjection/zipball/215d6f4f33d52990d31081b25c36c9b224bfadc7",
		"reference": "215d6f4f33d52990d31081b25c36c9b224bfadc7",
		"shasum": ""
	    },
	    "require": {
		"php": ">=5.5.9"
	    },
	    "require-dev": {
		"symfony/config": "~2.8|~3.0",
		"symfony/expression-language": "~2.8|~3.0",
		"symfony/phpunit-bridge": "~2.8|~3.0",
		"symfony/yaml": "~2.8|~3.0"
	    },
	    "suggest": {
		"symfony/config": "",
		"symfony/proxy-manager-bridge": "Generate service proxies to lazy load them",
		"symfony/yaml": ""
	    },
	    "type": "library",
	    "extra": {
		"branch-alias": {
		    "dev-master": "3.0-dev"
		}
	    },
	    "autoload": {
		"psr-4": {
		    "Symfony\\Component\\DependencyInjection\\": ""
		}
	    },
	    "notification-url": "https://packagist.org/downloads/",
	    "license": [
		"MIT"
	    ],
	    "authors": [
		{
		    "name": "Fabien Potencier",
		    "email": "fabien@symfony.com"
		},
		{
		    "name": "Symfony Community",
		    "homepage": "https://symfony.com/contributors"
		}
	    ],
	    "description": "Symfony DependencyInjection Component",
	    "homepage": "https://symfony.com",
	    "time": "2015-07-14 06:56:30"
	},
	{
	    "name": "symfony/filesystem",
	    "version": "dev-master",
	    "source": {
		"type": "git",
		"url": "https://github.com/symfony/Filesystem.git",
		"reference": "8b4a1ddbdcaf3b163443168c8f49c1c14a584ddf"
	    },
	    "dist": {
		"type": "zip",
		"url": "https://api.github.com/repos/symfony/Filesystem/zipball/8b4a1ddbdcaf3b163443168c8f49c1c14a584ddf",
		"reference": "8b4a1ddbdcaf3b163443168c8f49c1c14a584ddf",
		"shasum": ""
	    },
	    "require": {
		"php": ">=5.5.9"
	    },
	    "require-dev": {
		"symfony/phpunit-bridge": "~2.8|~3.0"
	    },
	    "type": "library",
	    "extra": {
		"branch-alias": {
		    "dev-master": "3.0-dev"
		}
	    },
	    "autoload": {
		"psr-4": {
		    "Symfony\\Component\\Filesystem\\": ""
		}
	    },
	    "notification-url": "https://packagist.org/downloads/",
	    "license": [
		"MIT"
	    ],
	    "authors": [
		{
		    "name": "Fabien Potencier",
		    "email": "fabien@symfony.com"
		},
		{
		    "name": "Symfony Community",
		    "homepage": "https://symfony.com/contributors"
		}
	    ],
	    "description": "Symfony Filesystem Component",
	    "homepage": "https://symfony.com",
	    "time": "2015-07-09 16:12:34"
	}
    ],
    "packages-dev": [],
    "aliases": [],
    "minimum-stability": "dev",
    "stability-flags": {
	"fieryprophet/php-sandbox": 20,
	"pdepend/pdepend": 20
    },
    "prefer-stable": false,
    "prefer-lowest": false,
    "platform": [],
    "platform-dev": []
}
